Microsoft Visual Studio Solution File, Format Version 12.00
# Visual Studio Version 17
VisualStudioVersion = 17.0.31903.59
MinimumVisualStudioVersion = 10.0.40219.1
Project("{2150E333-8FDC-42A3-9474-1A3956D46DE8}") = "src", "src", "{8B8D3C8E-4B3E-4C3C-8E3D-5A5B5C5E5E5E}"
EndProject
Project("{2150E333-8FDC-42A3-9474-1A3956D46DE8}") = "tests", "tests", "{7B8D3C8E-4B3E-4C3C-8E3D-5A5B5C5E5E5E}"
EndProject
Project("{FAE04EC0-301F-11D3-BF4B-00C04F79EFBC}") = "CentralCommand.MockApi", "src\CentralCommand.MockApi\CentralCommand.MockApi.csproj", "{9A8D3C8E-4B3E-4C3C-8E3D-5A5B5C5E5E5E}"
EndProject
Project("{FAE04EC0-301F-11D3-BF4B-00C04F79EFBC}") = "CentralCommand.Api", "src\CentralCommand.Api\CentralCommand.Api.csproj", "{AA8D3C8E-4B3E-4C3C-8E3D-5A5B5C5E5E5E}"
EndProject
Project("{FAE04EC0-301F-11D3-BF4B-00C04F79EFBC}") = "CentralCommand.Core", "src\CentralCommand.Core\CentralCommand.Core.csproj", "{CA8D3C8E-4B3E-4C3C-8E3D-5A5B5C5E5E5E}"
EndProject
Project("{2150E333-8FDC-42A3-9474-1A3956D46DE8}") = "Solution Items", "Solution Items", "{BA8D3C8E-4B3E-4C3C-8E3D-5A5B5C5E5E5E}"
	ProjectSection(SolutionItems) = preProject
		..\README.md = ..\README.md
		..\.gitignore = ..\.gitignore
		..\CLAUDE.md = ..\CLAUDE.md
	EndProjectSection
EndProject
Global
	GlobalSection(SolutionConfigurationPlatforms) = preSolution
		Debug|Any CPU = Debug|Any CPU
		Release|Any CPU = Release|Any CPU
	EndGlobalSection
	GlobalSection(ProjectConfigurationPlatforms) = postSolution
		{9A8D3C8E-4B3E-4C3C-8E3D-5A5B5C5E5E5E}.Debug|Any CPU.ActiveCfg = Debug|Any CPU
		{9A8D3C8E-4B3E-4C3C-8E3D-5A5B5C5E5E5E}.Debug|Any CPU.Build.0 = Debug|Any CPU
		{9A8D3C8E-4B3E-4C3C-8E3D-5A5B5C5E5E5E}.Release|Any CPU.ActiveCfg = Release|Any CPU
		{9A8D3C8E-4B3E-4C3C-8E3D-5A5B5C5E5E5E5E}.Release|Any CPU.Build.0 = Release|Any CPU
		{AA8D3C8E-4B3E-4C3C-8E3D-5A5B5C5E5E5E}.Debug|Any CPU.ActiveCfg = Debug|Any CPU
		{AA8D3C8E-4B3E-4C3C-8E3D-5A5B5C5E5E5E}.Debug|Any CPU.Build.0 = Debug|Any CPU
		{AA8D3C8E-4B3E-4C3C-8E3D-5A5B5C5E5E5E}.Release|Any CPU.ActiveCfg = Release|Any CPU
		{AA8D3C8E-4B3E-4C3C-8E3D-5A5B5C5E5E5E}.Release|Any CPU.Build.0 = Release|Any CPU
		{CA8D3C8E-4B3E-4C3C-8E3D-5A5B5C5E5E5E}.Debug|Any CPU.ActiveCfg = Debug|Any CPU
		{CA8D3C8E-4B3E-4C3C-8E3D-5A5B5C5E5E5E}.Debug|Any CPU.Build.0 = Debug|Any CPU
		{CA8D3C8E-4B3E-4C3C-8E3D-5A5B5C5E5E5E}.Release|Any CPU.ActiveCfg = Release|Any CPU
		{CA8D3C8E-4B3E-4C3C-8E3D-5A5B5C5E5E5E}.Release|Any CPU.Build.0 = Release|Any CPU
	EndGlobalSection
	GlobalSection(SolutionProperties) = preSolution
		HideSolutionNode = FALSE
	EndGlobalSection
	GlobalSection(NestedProjects) = preSolution
		{9A8D3C8E-4B3E-4C3C-8E3D-5A5B5C5E5E5E} = {8B8D3C8E-4B3E-4C3C-8E3D-5A5B5C5E5E5E}
		{AA8D3C8E-4B3E-4C3C-8E3D-5A5B5C5E5E5E} = {8B8D3C8E-4B3E-4C3C-8E3D-5A5B5C5E5E5E}
		{CA8D3C8E-4B3E-4C3C-8E3D-5A5B5C5E5E5E} = {8B8D3C8E-4B3E-4C3C-8E3D-5A5B5C5E5E5E}
	EndGlobalSection
EndGlobal